{
    "version": 3,
    "terraform_version": "0.11.10",
    "serial": 2,
    "lineage": "040c6c7a-f2d0-a090-1025-74bb94dacab8",
    "modules": [
        {
            "path": [
                "root"
            ],
            "outputs": {
                "approle_role_id": {
                    "sensitive": false,
                    "type": "string",
                    "value": "d3caeca6-6f19-2ebc-7994-e7218b9cc29e"
                },
                "approle_secret_id": {
                    "sensitive": false,
                    "type": "string",
                    "value": "d288648e-5c62-ceb5-8ccc-b6d48d328376"
                }
            },
            "resources": {
                "data.template_file.web_policies": {
                    "type": "template_file",
                    "depends_on": [],
                    "primary": {
                        "id": "784b923b69d89dcd462771775c897706103e14540859e3aa7bf0f77674856b65",
                        "attributes": {
                            "id": "784b923b69d89dcd462771775c897706103e14540859e3aa7bf0f77674856b65",
                            "rendered": "path \"database/creds/web\" {\n  capabilities = [\"read\"]\n}\n",
                            "template": "path \"database/creds/${entity_name}\" {\n  capabilities = [\"read\"]\n}\n",
                            "vars.%": "1",
                            "vars.entity_name": "web"
                        },
                        "meta": {},
                        "tainted": false
                    },
                    "deposed": [],
                    "provider": "provider.template"
                },
                "vault_approle_auth_backend_role.project_role": {
                    "type": "vault_approle_auth_backend_role",
                    "depends_on": [
                        "vault_auth_backend.approle"
                    ],
                    "primary": {
                        "id": "auth/approle/role/role-web",
                        "attributes": {
                            "backend": "approle",
                            "bind_secret_id": "true",
                            "bound_cidr_list.#": "0",
                            "id": "auth/approle/role/role-web",
                            "period": "0",
                            "policies.#": "2",
                            "policies.1971754988": "default",
                            "policies.2138091251": "web",
                            "role_id": "d3caeca6-6f19-2ebc-7994-e7218b9cc29e",
                            "role_name": "role-web",
                            "secret_id_num_uses": "0",
                            "secret_id_ttl": "600",
                            "token_max_ttl": "60",
                            "token_num_uses": "0",
                            "token_ttl": "0"
                        },
                        "meta": {},
                        "tainted": false
                    },
                    "deposed": [],
                    "provider": "provider.vault"
                },
                "vault_approle_auth_backend_role_secret_id.id": {
                    "type": "vault_approle_auth_backend_role_secret_id",
                    "depends_on": [
                        "vault_approle_auth_backend_role.project_role",
                        "vault_auth_backend.approle"
                    ],
                    "primary": {
                        "id": "backend=approle::role=role-web::accessor=7a7943e9-6cd8-6b0e-8c28-4bc3c13df956",
                        "attributes": {
                            "accessor": "7a7943e9-6cd8-6b0e-8c28-4bc3c13df956",
                            "backend": "approle",
                            "cidr_list.#": "0",
                            "id": "backend=approle::role=role-web::accessor=7a7943e9-6cd8-6b0e-8c28-4bc3c13df956",
                            "metadata": "{}",
                            "role_name": "role-web",
                            "secret_id": "d288648e-5c62-ceb5-8ccc-b6d48d328376"
                        },
                        "meta": {},
                        "tainted": false
                    },
                    "deposed": [],
                    "provider": "provider.vault"
                },
                "vault_auth_backend.approle": {
                    "type": "vault_auth_backend",
                    "depends_on": [],
                    "primary": {
                        "id": "approle",
                        "attributes": {
                            "accessor": "auth_approle_6a0faec2",
                            "default_lease_ttl_seconds": "0",
                            "description": "",
                            "id": "approle",
                            "listing_visibility": "",
                            "local": "false",
                            "max_lease_ttl_seconds": "0",
                            "path": "approle/",
                            "type": "approle"
                        },
                        "meta": {
                            "schema_version": "1"
                        },
                        "tainted": false
                    },
                    "deposed": [],
                    "provider": "provider.vault"
                },
                "vault_mount.db": {
                    "type": "vault_mount",
                    "depends_on": [],
                    "primary": {
                        "id": "database",
                        "attributes": {
                            "id": "database",
                            "path": "database",
                            "type": "database"
                        },
                        "meta": {},
                        "tainted": false
                    },
                    "deposed": [],
                    "provider": "provider.vault"
                },
                "vault_policy.web_policies": {
                    "type": "vault_policy",
                    "depends_on": [
                        "data.template_file.web_policies"
                    ],
                    "primary": {
                        "id": "web",
                        "attributes": {
                            "id": "web",
                            "name": "web",
                            "policy": "path \"database/creds/web\" {\n  capabilities = [\"read\"]\n}\n"
                        },
                        "meta": {},
                        "tainted": false
                    },
                    "deposed": [],
                    "provider": "provider.vault"
                }
            },
            "depends_on": []
        }
    ]
}
